<?xml version="1.0" encoding="UTF-8" standalone="yes" ?>
<CodeBlocks_project_file>
	<FileVersion major="1" minor="6" />
	<Project>
		<Option title="IUButterfly" />
		<Option pch_mode="2" />
		<Option compiler="gcc" />
		<Build>
			<Target title="Debug">
				<Option output="bin/Debug/IUButterfly" prefix_auto="1" extension_auto="1" />
				<Option object_output="obj/Debug/" />
				<Option type="1" />
				<Option compiler="gcc" />
				<Compiler>
					<Add option="-g" />
					<Add directory="include" />
				</Compiler>
			</Target>
			<Target title="Release">
				<Option output="bin/Release/IUButterfly" prefix_auto="1" extension_auto="1" />
				<Option object_output="obj/Release/" />
				<Option type="1" />
				<Option compiler="gcc" />
				<Compiler>
					<Add option="-O2" />
					<Add directory="include" />
				</Compiler>
				<Linker>
					<Add option="-s" />
				</Linker>
			</Target>
		</Build>
		<Compiler>
			<Add option="-Wall" />
			<Add option="-fexceptions" />
		</Compiler>
		<Unit filename="IUABCFeature.cpp" />
		<Unit filename="IUABCFeature.h" />
		<Unit filename="IUABCProducer.cpp" />
		<Unit filename="IUABCProducer.h" />
		<Unit filename="IUABCSensor.cpp" />
		<Unit filename="IUABCSensor.h" />
		<Unit filename="IUBMD350.cpp" />
		<Unit filename="IUBMD350.h" />
		<Unit filename="IUBMP280.cpp" />
		<Unit filename="IUBMP280.h" />
		<Unit filename="IUBMX055.cpp" />
		<Unit filename="IUBMX055.h" />
		<Unit filename="IUBattery.cpp" />
		<Unit filename="IUBattery.h" />
		<Unit filename="IUButterfly.h" />
		<Unit filename="IUCAMM8Q.cpp" />
		<Unit filename="IUCAMM8Q.h" />
		<Unit filename="IUConductor.cpp" />
		<Unit filename="IUConductor.h" />
		<Unit filename="IUESP8285.cpp" />
		<Unit filename="IUESP8285.h" />
		<Unit filename="IUFeature.cpp" />
		<Unit filename="IUFeature.h" />
		<Unit filename="IUFeatureConfigurator.cpp" />
		<Unit filename="IUFeatureConfigurator.h" />
		<Unit filename="IUI2C.cpp" />
		<Unit filename="IUI2C.h" />
		<Unit filename="IUI2S.cpp" />
		<Unit filename="IUI2S.h" />
		<Unit filename="IUInterface.cpp" />
		<Unit filename="IUInterface.h" />
		<Unit filename="IURGBLed.cpp" />
		<Unit filename="IURGBLed.h" />
		<Unit filename="IUSensorConfigurator.cpp" />
		<Unit filename="IUSensorConfigurator.h" />
		<Unit filename="IUUtilities.cpp" />
		<Unit filename="IUUtilities.h" />
		<Extensions>
			<envvars />
			<code_completion />
			<lib_finder disable_auto="1" />
			<debugger />
		</Extensions>
	</Project>
</CodeBlocks_project_file>
