<?xml version="1.0" encoding="UTF-8" standalone="yes" ?>
<CodeBlocks_project_file>
	<FileVersion major="1" minor="6" />
	<Project>
		<Option title="IUButterfly" />
		<Option pch_mode="2" />
		<Option compiler="gcc" />
		<Build>
			<Target title="Debug">
				<Option output="bin/Debug/IUButterfly" prefix_auto="1" extension_auto="1" />
				<Option object_output="obj/Debug/" />
				<Option type="1" />
				<Option compiler="gcc" />
				<Compiler>
					<Add option="-g" />
					<Add directory="include" />
				</Compiler>
			</Target>
			<Target title="Release">
				<Option output="bin/Release/IUButterfly" prefix_auto="1" extension_auto="1" />
				<Option object_output="obj/Release/" />
				<Option type="1" />
				<Option compiler="gcc" />
				<Compiler>
					<Add option="-O2" />
					<Add directory="include" />
				</Compiler>
				<Linker>
					<Add option="-s" />
				</Linker>
			</Target>
		</Build>
		<Compiler>
			<Add option="-Wall" />
			<Add option="-fexceptions" />
		</Compiler>
		<Unit filename="Component.h" />
		<Unit filename="Conductor.cpp" />
		<Unit filename="Conductor.h" />
		<Unit filename="Configurator.cpp" />
		<Unit filename="Configurator.h" />
		<Unit filename="FeatureClass.cpp" />
		<Unit filename="FeatureClass.h" />
		<Unit filename="FeatureComputer.cpp" />
		<Unit filename="FeatureComputer.h" />
		<Unit filename="FeatureStreamingGroup.cpp" />
		<Unit filename="FeatureStreamingGroup.h" />
		<Unit filename="Features.cpp" />
		<Unit filename="Features.h" />
		<Unit filename="IUBMD350.cpp" />
		<Unit filename="IUBMD350.h" />
		<Unit filename="IUBMP280.cpp" />
		<Unit filename="IUBMP280.h" />
		<Unit filename="IUBMX055Acc.cpp" />
		<Unit filename="IUBMX055Acc.h" />
		<Unit filename="IUBMX055Gyro.cpp" />
		<Unit filename="IUBMX055Gyro.h" />
		<Unit filename="IUBMX055Mag.cpp" />
		<Unit filename="IUBMX055Mag.h" />
		<Unit filename="IUBattery.cpp" />
		<Unit filename="IUBattery.h" />
		<Unit filename="IUCAMM8Q.cpp" />
		<Unit filename="IUCAMM8Q.h" />
		<Unit filename="IUESP8285.cpp" />
		<Unit filename="IUESP8285.h" />
		<Unit filename="IUI2C.cpp" />
		<Unit filename="IUI2C.h" />
		<Unit filename="IUI2S.cpp" />
		<Unit filename="IUI2S.h" />
		<Unit filename="IURGBLed.cpp" />
		<Unit filename="IURGBLed.h" />
		<Unit filename="IUSerial.cpp" />
		<Unit filename="IUSerial.h" />
		<Unit filename="Keywords.h" />
		<Unit filename="Logger.h" />
		<Unit filename="QualityTest/QA_IUBMX055.h" />
		<Unit filename="Sensor.cpp" />
		<Unit filename="Sensor.h" />
		<Unit filename="UnitTest/Test_IUUtilities.h" />
		<Unit filename="Utilities.cpp" />
		<Unit filename="Utilities.h" />
		<Unit filename="butterfly_firmware.cpp" />
		<Extensions>
			<envvars />
			<code_completion />
			<lib_finder disable_auto="1" />
			<debugger />
		</Extensions>
	</Project>
</CodeBlocks_project_file>
