<?xml version="1.0" encoding="UTF-8" standalone="yes" ?>
<CodeBlocks_project_file>
	<FileVersion major="1" minor="6" />
	<Project>
		<Option title="wifi_station_ESP8285" />
		<Option pch_mode="2" />
		<Option compiler="gcc" />
		<Build>
			<Target title="Debug">
				<Option output="bin/Debug/wifi_station_ESP8285" prefix_auto="1" extension_auto="1" />
				<Option object_output="obj/Debug/" />
				<Option type="1" />
				<Option compiler="gcc" />
				<Compiler>
					<Add option="-g" />
					<Add directory="include" />
				</Compiler>
			</Target>
			<Target title="Release">
				<Option output="bin/Release/wifi_station_ESP8285" prefix_auto="1" extension_auto="1" />
				<Option object_output="obj/Release/" />
				<Option type="1" />
				<Option compiler="gcc" />
				<Compiler>
					<Add option="-O2" />
					<Add directory="include" />
				</Compiler>
				<Linker>
					<Add option="-s" />
				</Linker>
			</Target>
		</Build>
		<Compiler>
			<Add option="-Wall" />
		</Compiler>
		<Unit filename="Conductor.cpp" />
		<Unit filename="Conductor.h" />
		<Unit filename="IUMQTTHelper.cpp" />
		<Unit filename="IUMQTTHelper.h" />
		<Unit filename="IURawDataHelper.cpp" />
		<Unit filename="IURawDataHelper.h" />
		<Unit filename="IUSerial.cpp" />
		<Unit filename="IUSerial.h" />
		<Unit filename="IUTimeHelper.cpp" />
		<Unit filename="IUTimeHelper.h" />
		<Unit filename="Logger.h" />
		<Unit filename="MSPCommands.h" />
		<Unit filename="Utilities.h" />
		<Extensions>
			<code_completion />
			<debugger />
		</Extensions>
	</Project>
</CodeBlocks_project_file>
